// !$*UTF8*$!
{
	archiveVersion = 1;
	classes = {
	};
	objectVersion = 56;
	objects = {

/* Begin PBXBuildFile section */
		0417DFB02BDA1C9500C35A39 /* landmarkData.json in Resources */ = {isa = PBXBuildFile; fileRef = 0417DFAF2BDA1C9500C35A39 /* landmarkData.json */; };
		0417DFCF2BDA1F1700C35A39 /* LandmarkRow.swift in Sources */ = {isa = PBXBuildFile; fileRef = 0417DFCE2BDA1F1700C35A39 /* LandmarkRow.swift */; };
		0417DFD12BDA1FA000C35A39 /* LandmarkList.swift in Sources */ = {isa = PBXBuildFile; fileRef = 0417DFD02BDA1FA000C35A39 /* LandmarkList.swift */; };
		0417DFD32BDA209200C35A39 /* LandmarkDetail.swift in Sources */ = {isa = PBXBuildFile; fileRef = 0417DFD22BDA209200C35A39 /* LandmarkDetail.swift */; };
		0417DFD52BDA28BA00C35A39 /* FavoriteButton.swift in Sources */ = {isa = PBXBuildFile; fileRef = 0417DFD42BDA28BA00C35A39 /* FavoriteButton.swift */; };
		0417E0402BDB46CC00C35A39 /* Hike.swift in Sources */ = {isa = PBXBuildFile; fileRef = 0417E03B2BDB46CC00C35A39 /* Hike.swift */; };
		0417E0412BDB46CC00C35A39 /* Landmark.swift in Sources */ = {isa = PBXBuildFile; fileRef = 0417E03C2BDB46CC00C35A39 /* Landmark.swift */; };
		0417E0422BDB46CC00C35A39 /* ModelData.swift in Sources */ = {isa = PBXBuildFile; fileRef = 0417E03D2BDB46CC00C35A39 /* ModelData.swift */; };
		0417E0432BDB46CC00C35A39 /* Profile.swift in Sources */ = {isa = PBXBuildFile; fileRef = 0417E03E2BDB46CC00C35A39 /* Profile.swift */; };
		0417E0452BDB473100C35A39 /* hikeData.json in Resources */ = {isa = PBXBuildFile; fileRef = 0417E0442BDB473100C35A39 /* hikeData.json */; };
		0417E04F2BDB47D400C35A39 /* Badge.swift in Sources */ = {isa = PBXBuildFile; fileRef = 0417E0482BDB47D400C35A39 /* Badge.swift */; };
		0417E0502BDB47D400C35A39 /* BadgeBackground.swift in Sources */ = {isa = PBXBuildFile; fileRef = 0417E0492BDB47D400C35A39 /* BadgeBackground.swift */; };
		0417E0512BDB47D400C35A39 /* BadgeSymbol.swift in Sources */ = {isa = PBXBuildFile; fileRef = 0417E04A2BDB47D400C35A39 /* BadgeSymbol.swift */; };
		0417E0522BDB47D400C35A39 /* HexagonParameters.swift in Sources */ = {isa = PBXBuildFile; fileRef = 0417E04B2BDB47D400C35A39 /* HexagonParameters.swift */; };
		0417E0532BDB47D400C35A39 /* HikeBadge.swift in Sources */ = {isa = PBXBuildFile; fileRef = 0417E04C2BDB47D400C35A39 /* HikeBadge.swift */; };
		0417E0542BDB47D400C35A39 /* RotatedBadgeSymbol.swift in Sources */ = {isa = PBXBuildFile; fileRef = 0417E04D2BDB47D400C35A39 /* RotatedBadgeSymbol.swift */; };
		0417E0592BDB47F800C35A39 /* CategoryHome.swift in Sources */ = {isa = PBXBuildFile; fileRef = 0417E0552BDB47F800C35A39 /* CategoryHome.swift */; };
		0417E05A2BDB47F800C35A39 /* CategoryItem.swift in Sources */ = {isa = PBXBuildFile; fileRef = 0417E0562BDB47F800C35A39 /* CategoryItem.swift */; };
		0417E05B2BDB47F800C35A39 /* CategoryRow.swift in Sources */ = {isa = PBXBuildFile; fileRef = 0417E0572BDB47F800C35A39 /* CategoryRow.swift */; };
		0417E0602BDB480500C35A39 /* ProfileEditor.swift in Sources */ = {isa = PBXBuildFile; fileRef = 0417E05C2BDB480500C35A39 /* ProfileEditor.swift */; };
		0417E0612BDB480500C35A39 /* ProfileHost.swift in Sources */ = {isa = PBXBuildFile; fileRef = 0417E05D2BDB480500C35A39 /* ProfileHost.swift */; };
		0417E0622BDB480500C35A39 /* ProfileSummary.swift in Sources */ = {isa = PBXBuildFile; fileRef = 0417E05E2BDB480500C35A39 /* ProfileSummary.swift */; };
		0417E0682BDB483000C35A39 /* GraphCapsule.swift in Sources */ = {isa = PBXBuildFile; fileRef = 0417E0632BDB483000C35A39 /* GraphCapsule.swift */; };
		0417E0692BDB483000C35A39 /* HikeDetail.swift in Sources */ = {isa = PBXBuildFile; fileRef = 0417E0642BDB483000C35A39 /* HikeDetail.swift */; };
		0417E06A2BDB483000C35A39 /* HikeGraph.swift in Sources */ = {isa = PBXBuildFile; fileRef = 0417E0652BDB483000C35A39 /* HikeGraph.swift */; };
		0417E06B2BDB483100C35A39 /* HikeView.swift in Sources */ = {isa = PBXBuildFile; fileRef = 0417E0662BDB483000C35A39 /* HikeView.swift */; };
		0417E0712BDB484E00C35A39 /* FeatureCard.swift in Sources */ = {isa = PBXBuildFile; fileRef = 0417E06C2BDB484E00C35A39 /* FeatureCard.swift */; };
		0417E0722BDB484E00C35A39 /* PageControl.swift in Sources */ = {isa = PBXBuildFile; fileRef = 0417E06D2BDB484E00C35A39 /* PageControl.swift */; };
		0417E0732BDB484E00C35A39 /* PageView.swift in Sources */ = {isa = PBXBuildFile; fileRef = 0417E06E2BDB484E00C35A39 /* PageView.swift */; };
		0417E0742BDB484E00C35A39 /* PageViewController.swift in Sources */ = {isa = PBXBuildFile; fileRef = 0417E06F2BDB484E00C35A39 /* PageViewController.swift */; };
		0417E07E2BDB528500C35A39 /* ContentView.swift in Sources */ = {isa = PBXBuildFile; fileRef = 0417E07D2BDB528500C35A39 /* ContentView.swift */; };
		0417E0802BDB528600C35A39 /* Assets.xcassets in Resources */ = {isa = PBXBuildFile; fileRef = 0417E07F2BDB528600C35A39 /* Assets.xcassets */; };
		0417E0832BDB528600C35A39 /* Preview Assets.xcassets in Resources */ = {isa = PBXBuildFile; fileRef = 0417E0822BDB528600C35A39 /* Preview Assets.xcassets */; };
		0417E0862BDB528600C35A39 /* WatchLandmarks Watch App.app in Embed Watch Content */ = {isa = PBXBuildFile; fileRef = 0417E0792BDB528500C35A39 /* WatchLandmarks Watch App.app */; settings = {ATTRIBUTES = (RemoveHeadersOnCopy, ); }; };
		0417E08B2BDB555500C35A39 /* landmarkData.json in Resources */ = {isa = PBXBuildFile; fileRef = 0417DFAF2BDA1C9500C35A39 /* landmarkData.json */; };
		0417E08C2BDB555500C35A39 /* hikeData.json in Resources */ = {isa = PBXBuildFile; fileRef = 0417E0442BDB473100C35A39 /* hikeData.json */; };
		0417E08D2BDB555500C35A39 /* Assets.xcassets in Resources */ = {isa = PBXBuildFile; fileRef = 043AFA442BD2075900524314 /* Assets.xcassets */; };
		0417E08E2BDB555500C35A39 /* LandmarkRow.swift in Sources */ = {isa = PBXBuildFile; fileRef = 0417DFCE2BDA1F1700C35A39 /* LandmarkRow.swift */; };
		0417E0902BDB555500C35A39 /* Landmark.swift in Sources */ = {isa = PBXBuildFile; fileRef = 0417E03C2BDB46CC00C35A39 /* Landmark.swift */; };
		0417E0912BDB555500C35A39 /* _706012210019_Kimi_AFL3App.swift in Sources */ = {isa = PBXBuildFile; fileRef = 043AFA402BD2075800524314 /* _706012210019_Kimi_AFL3App.swift */; };
		0417E0922BDB555500C35A39 /* Hike.swift in Sources */ = {isa = PBXBuildFile; fileRef = 0417E03B2BDB46CC00C35A39 /* Hike.swift */; };
		0417E0932BDB555500C35A39 /* ModelData.swift in Sources */ = {isa = PBXBuildFile; fileRef = 0417E03D2BDB46CC00C35A39 /* ModelData.swift */; };
		0417E0942BDB555500C35A39 /* Profile.swift in Sources */ = {isa = PBXBuildFile; fileRef = 0417E03E2BDB46CC00C35A39 /* Profile.swift */; };
		0417E0952BDB555500C35A39 /* MapView.swift in Sources */ = {isa = PBXBuildFile; fileRef = 048012E72BDA1A67007DC51A /* MapView.swift */; };
		0417E0962BDB555500C35A39 /* CircleImage.swift in Sources */ = {isa = PBXBuildFile; fileRef = 048012E52BDA1A20007DC51A /* CircleImage.swift */; };
		0417E0982BDB56DE00C35A39 /* LandmarkDetail.swift in Sources */ = {isa = PBXBuildFile; fileRef = 0417E0972BDB56DE00C35A39 /* LandmarkDetail.swift */; };
		0417E09A2BDB58A400C35A39 /* NotificationView.swift in Sources */ = {isa = PBXBuildFile; fileRef = 0417E0992BDB58A400C35A39 /* NotificationView.swift */; };
		0417E09C2BDB58F700C35A39 /* NotificationController.swift in Sources */ = {isa = PBXBuildFile; fileRef = 0417E09B2BDB58F700C35A39 /* NotificationController.swift */; };
		0417E0A72BE3563100C35A39 /* ContentView.swift in Sources */ = {isa = PBXBuildFile; fileRef = 0417E0A62BE3563100C35A39 /* ContentView.swift */; };
		0417E0A92BE3563400C35A39 /* Assets.xcassets in Resources */ = {isa = PBXBuildFile; fileRef = 0417E0A82BE3563400C35A39 /* Assets.xcassets */; };
		0417E0AC2BE3563400C35A39 /* Preview Assets.xcassets in Resources */ = {isa = PBXBuildFile; fileRef = 0417E0AB2BE3563400C35A39 /* Preview Assets.xcassets */; };
		0417E0B12BE3574C00C35A39 /* hikeData.json in Resources */ = {isa = PBXBuildFile; fileRef = 0417E0442BDB473100C35A39 /* hikeData.json */; };
		0417E0B22BE3574C00C35A39 /* Assets.xcassets in Resources */ = {isa = PBXBuildFile; fileRef = 043AFA442BD2075900524314 /* Assets.xcassets */; };
		0417E0B32BE3574C00C35A39 /* landmarkData.json in Resources */ = {isa = PBXBuildFile; fileRef = 0417DFAF2BDA1C9500C35A39 /* landmarkData.json */; };
		0417E0B42BE3574C00C35A39 /* LandmarkList.swift in Sources */ = {isa = PBXBuildFile; fileRef = 0417DFD02BDA1FA000C35A39 /* LandmarkList.swift */; };
		0417E0B52BE3574C00C35A39 /* MapView.swift in Sources */ = {isa = PBXBuildFile; fileRef = 048012E72BDA1A67007DC51A /* MapView.swift */; };
		0417E0B62BE3574C00C35A39 /* ModelData.swift in Sources */ = {isa = PBXBuildFile; fileRef = 0417E03D2BDB46CC00C35A39 /* ModelData.swift */; };
		0417E0B72BE3574C00C35A39 /* Hike.swift in Sources */ = {isa = PBXBuildFile; fileRef = 0417E03B2BDB46CC00C35A39 /* Hike.swift */; };
		0417E0B82BE3574C00C35A39 /* LandmarkRow.swift in Sources */ = {isa = PBXBuildFile; fileRef = 0417DFCE2BDA1F1700C35A39 /* LandmarkRow.swift */; };
		0417E0B92BE3574C00C35A39 /* _706012210019_Kimi_AFL3App.swift in Sources */ = {isa = PBXBuildFile; fileRef = 043AFA402BD2075800524314 /* _706012210019_Kimi_AFL3App.swift */; };
		0417E0BA2BE3574C00C35A39 /* Landmark.swift in Sources */ = {isa = PBXBuildFile; fileRef = 0417E03C2BDB46CC00C35A39 /* Landmark.swift */; };
		0417E0BB2BE3574C00C35A39 /* FavoriteButton.swift in Sources */ = {isa = PBXBuildFile; fileRef = 0417DFD42BDA28BA00C35A39 /* FavoriteButton.swift */; };
		0417E0BC2BE3574C00C35A39 /* Profile.swift in Sources */ = {isa = PBXBuildFile; fileRef = 0417E03E2BDB46CC00C35A39 /* Profile.swift */; };
		0417E0BD2BE3574C00C35A39 /* CircleImage.swift in Sources */ = {isa = PBXBuildFile; fileRef = 048012E52BDA1A20007DC51A /* CircleImage.swift */; };
		0417E0BF2BE3590000C35A39 /* LandmarkDetail.swift in Sources */ = {isa = PBXBuildFile; fileRef = 0417E0BE2BE3590000C35A39 /* LandmarkDetail.swift */; };
		0417E0C12BE35C0400C35A39 /* LandmarkList.swift in Sources */ = {isa = PBXBuildFile; fileRef = 0417E0C02BE35C0400C35A39 /* LandmarkList.swift */; };
		0417E0C32BE35EDE00C35A39 /* LandmarkCommands.swift in Sources */ = {isa = PBXBuildFile; fileRef = 0417E0C22BE35EDE00C35A39 /* LandmarkCommands.swift */; };
		0417E0C42BE35EDE00C35A39 /* LandmarkCommands.swift in Sources */ = {isa = PBXBuildFile; fileRef = 0417E0C22BE35EDE00C35A39 /* LandmarkCommands.swift */; };
		0417E0C62BE362CC00C35A39 /* LandmarkSettings.swift in Sources */ = {isa = PBXBuildFile; fileRef = 0417E0C52BE362CC00C35A39 /* LandmarkSettings.swift */; };
		043AFA412BD2075800524314 /* _706012210019_Kimi_AFL3App.swift in Sources */ = {isa = PBXBuildFile; fileRef = 043AFA402BD2075800524314 /* _706012210019_Kimi_AFL3App.swift */; };
		043AFA432BD2075800524314 /* ContentView.swift in Sources */ = {isa = PBXBuildFile; fileRef = 043AFA422BD2075800524314 /* ContentView.swift */; };
		043AFA452BD2075900524314 /* Assets.xcassets in Resources */ = {isa = PBXBuildFile; fileRef = 043AFA442BD2075900524314 /* Assets.xcassets */; };
		043AFA482BD2075900524314 /* Preview Assets.xcassets in Resources */ = {isa = PBXBuildFile; fileRef = 043AFA472BD2075900524314 /* Preview Assets.xcassets */; };
		048012E62BDA1A20007DC51A /* CircleImage.swift in Sources */ = {isa = PBXBuildFile; fileRef = 048012E52BDA1A20007DC51A /* CircleImage.swift */; };
		048012E82BDA1A67007DC51A /* MapView.swift in Sources */ = {isa = PBXBuildFile; fileRef = 048012E72BDA1A67007DC51A /* MapView.swift */; };
/* End PBXBuildFile section */

/* Begin PBXContainerItemProxy section */
		0417E0842BDB528600C35A39 /* PBXContainerItemProxy */ = {
			isa = PBXContainerItemProxy;
			containerPortal = 043AFA352BD2075700524314 /* Project object */;
			proxyType = 1;
			remoteGlobalIDString = 0417E0782BDB528500C35A39;
			remoteInfo = "WatchLandmarks Watch App";
		};
/* End PBXContainerItemProxy section */

/* Begin PBXCopyFilesBuildPhase section */
		0417E08A2BDB528600C35A39 /* Embed Watch Content */ = {
			isa = PBXCopyFilesBuildPhase;
			buildActionMask = 2147483647;
			dstPath = "$(CONTENTS_FOLDER_PATH)/Watch";
			dstSubfolderSpec = 16;
			files = (
				0417E0862BDB528600C35A39 /* WatchLandmarks Watch App.app in Embed Watch Content */,
			);
			name = "Embed Watch Content";
			runOnlyForDeploymentPostprocessing = 0;
		};
/* End PBXCopyFilesBuildPhase section */

/* Begin PBXFileReference section */
		0417DFAF2BDA1C9500C35A39 /* landmarkData.json */ = {isa = PBXFileReference; fileEncoding = 4; lastKnownFileType = text.json; path = landmarkData.json; sourceTree = "<group>"; };
		0417DFCE2BDA1F1700C35A39 /* LandmarkRow.swift */ = {isa = PBXFileReference; lastKnownFileType = sourcecode.swift; path = LandmarkRow.swift; sourceTree = "<group>"; };
		0417DFD02BDA1FA000C35A39 /* LandmarkList.swift */ = {isa = PBXFileReference; lastKnownFileType = sourcecode.swift; path = LandmarkList.swift; sourceTree = "<group>"; };
		0417DFD22BDA209200C35A39 /* LandmarkDetail.swift */ = {isa = PBXFileReference; lastKnownFileType = sourcecode.swift; path = LandmarkDetail.swift; sourceTree = "<group>"; };
		0417DFD42BDA28BA00C35A39 /* FavoriteButton.swift */ = {isa = PBXFileReference; lastKnownFileType = sourcecode.swift; path = FavoriteButton.swift; sourceTree = "<group>"; };
		0417E03B2BDB46CC00C35A39 /* Hike.swift */ = {isa = PBXFileReference; fileEncoding = 4; lastKnownFileType = sourcecode.swift; path = Hike.swift; sourceTree = "<group>"; };
		0417E03C2BDB46CC00C35A39 /* Landmark.swift */ = {isa = PBXFileReference; fileEncoding = 4; lastKnownFileType = sourcecode.swift; path = Landmark.swift; sourceTree = "<group>"; };
		0417E03D2BDB46CC00C35A39 /* ModelData.swift */ = {isa = PBXFileReference; fileEncoding = 4; lastKnownFileType = sourcecode.swift; path = ModelData.swift; sourceTree = "<group>"; };
		0417E03E2BDB46CC00C35A39 /* Profile.swift */ = {isa = PBXFileReference; fileEncoding = 4; lastKnownFileType = sourcecode.swift; path = Profile.swift; sourceTree = "<group>"; };
		0417E0442BDB473100C35A39 /* hikeData.json */ = {isa = PBXFileReference; fileEncoding = 4; lastKnownFileType = text.json; name = hikeData.json; path = 0706012210019_Kimi_AFL3/Resources/hikeData.json; sourceTree = SOURCE_ROOT; };
		0417E0482BDB47D400C35A39 /* Badge.swift */ = {isa = PBXFileReference; fileEncoding = 4; lastKnownFileType = sourcecode.swift; path = Badge.swift; sourceTree = "<group>"; };
		0417E0492BDB47D400C35A39 /* BadgeBackground.swift */ = {isa = PBXFileReference; fileEncoding = 4; lastKnownFileType = sourcecode.swift; path = BadgeBackground.swift; sourceTree = "<group>"; };
		0417E04A2BDB47D400C35A39 /* BadgeSymbol.swift */ = {isa = PBXFileReference; fileEncoding = 4; lastKnownFileType = sourcecode.swift; path = BadgeSymbol.swift; sourceTree = "<group>"; };
		0417E04B2BDB47D400C35A39 /* HexagonParameters.swift */ = {isa = PBXFileReference; fileEncoding = 4; lastKnownFileType = sourcecode.swift; path = HexagonParameters.swift; sourceTree = "<group>"; };
		0417E04C2BDB47D400C35A39 /* HikeBadge.swift */ = {isa = PBXFileReference; fileEncoding = 4; lastKnownFileType = sourcecode.swift; path = HikeBadge.swift; sourceTree = "<group>"; };
		0417E04D2BDB47D400C35A39 /* RotatedBadgeSymbol.swift */ = {isa = PBXFileReference; fileEncoding = 4; lastKnownFileType = sourcecode.swift; path = RotatedBadgeSymbol.swift; sourceTree = "<group>"; };
		0417E0552BDB47F800C35A39 /* CategoryHome.swift */ = {isa = PBXFileReference; fileEncoding = 4; lastKnownFileType = sourcecode.swift; path = CategoryHome.swift; sourceTree = "<group>"; };
		0417E0562BDB47F800C35A39 /* CategoryItem.swift */ = {isa = PBXFileReference; fileEncoding = 4; lastKnownFileType = sourcecode.swift; path = CategoryItem.swift; sourceTree = "<group>"; };
		0417E0572BDB47F800C35A39 /* CategoryRow.swift */ = {isa = PBXFileReference; fileEncoding = 4; lastKnownFileType = sourcecode.swift; path = CategoryRow.swift; sourceTree = "<group>"; };
		0417E05C2BDB480500C35A39 /* ProfileEditor.swift */ = {isa = PBXFileReference; fileEncoding = 4; lastKnownFileType = sourcecode.swift; path = ProfileEditor.swift; sourceTree = "<group>"; };
		0417E05D2BDB480500C35A39 /* ProfileHost.swift */ = {isa = PBXFileReference; fileEncoding = 4; lastKnownFileType = sourcecode.swift; path = ProfileHost.swift; sourceTree = "<group>"; };
		0417E05E2BDB480500C35A39 /* ProfileSummary.swift */ = {isa = PBXFileReference; fileEncoding = 4; lastKnownFileType = sourcecode.swift; path = ProfileSummary.swift; sourceTree = "<group>"; };
		0417E0632BDB483000C35A39 /* GraphCapsule.swift */ = {isa = PBXFileReference; fileEncoding = 4; lastKnownFileType = sourcecode.swift; path = GraphCapsule.swift; sourceTree = "<group>"; };
		0417E0642BDB483000C35A39 /* HikeDetail.swift */ = {isa = PBXFileReference; fileEncoding = 4; lastKnownFileType = sourcecode.swift; path = HikeDetail.swift; sourceTree = "<group>"; };
		0417E0652BDB483000C35A39 /* HikeGraph.swift */ = {isa = PBXFileReference; fileEncoding = 4; lastKnownFileType = sourcecode.swift; path = HikeGraph.swift; sourceTree = "<group>"; };
		0417E0662BDB483000C35A39 /* HikeView.swift */ = {isa = PBXFileReference; fileEncoding = 4; lastKnownFileType = sourcecode.swift; path = HikeView.swift; sourceTree = "<group>"; };
		0417E06C2BDB484E00C35A39 /* FeatureCard.swift */ = {isa = PBXFileReference; fileEncoding = 4; lastKnownFileType = sourcecode.swift; path = FeatureCard.swift; sourceTree = "<group>"; };
		0417E06D2BDB484E00C35A39 /* PageControl.swift */ = {isa = PBXFileReference; fileEncoding = 4; lastKnownFileType = sourcecode.swift; path = PageControl.swift; sourceTree = "<group>"; };
		0417E06E2BDB484E00C35A39 /* PageView.swift */ = {isa = PBXFileReference; fileEncoding = 4; lastKnownFileType = sourcecode.swift; path = PageView.swift; sourceTree = "<group>"; };
		0417E06F2BDB484E00C35A39 /* PageViewController.swift */ = {isa = PBXFileReference; fileEncoding = 4; lastKnownFileType = sourcecode.swift; path = PageViewController.swift; sourceTree = "<group>"; };
		0417E0792BDB528500C35A39 /* WatchLandmarks Watch App.app */ = {isa = PBXFileReference; explicitFileType = wrapper.application; includeInIndex = 0; path = "WatchLandmarks Watch App.app"; sourceTree = BUILT_PRODUCTS_DIR; };
		0417E07D2BDB528500C35A39 /* ContentView.swift */ = {isa = PBXFileReference; lastKnownFileType = sourcecode.swift; path = ContentView.swift; sourceTree = "<group>"; };
		0417E07F2BDB528600C35A39 /* Assets.xcassets */ = {isa = PBXFileReference; lastKnownFileType = folder.assetcatalog; path = Assets.xcassets; sourceTree = "<group>"; };
		0417E0822BDB528600C35A39 /* Preview Assets.xcassets */ = {isa = PBXFileReference; lastKnownFileType = folder.assetcatalog; path = "Preview Assets.xcassets"; sourceTree = "<group>"; };
		0417E0972BDB56DE00C35A39 /* LandmarkDetail.swift */ = {isa = PBXFileReference; lastKnownFileType = sourcecode.swift; path = LandmarkDetail.swift; sourceTree = "<group>"; };
		0417E0992BDB58A400C35A39 /* NotificationView.swift */ = {isa = PBXFileReference; lastKnownFileType = sourcecode.swift; path = NotificationView.swift; sourceTree = "<group>"; };
		0417E09B2BDB58F700C35A39 /* NotificationController.swift */ = {isa = PBXFileReference; lastKnownFileType = sourcecode.swift; path = NotificationController.swift; sourceTree = "<group>"; };
		0417E09D2BDB5A5E00C35A39 /* PushNotificationPayload.apns */ = {isa = PBXFileReference; lastKnownFileType = text; path = PushNotificationPayload.apns; sourceTree = "<group>"; };
		0417E0A22BE3563100C35A39 /* MacLandmarks.app */ = {isa = PBXFileReference; explicitFileType = wrapper.application; includeInIndex = 0; path = MacLandmarks.app; sourceTree = BUILT_PRODUCTS_DIR; };
		0417E0A62BE3563100C35A39 /* ContentView.swift */ = {isa = PBXFileReference; lastKnownFileType = sourcecode.swift; path = ContentView.swift; sourceTree = "<group>"; };
		0417E0A82BE3563400C35A39 /* Assets.xcassets */ = {isa = PBXFileReference; lastKnownFileType = folder.assetcatalog; path = Assets.xcassets; sourceTree = "<group>"; };
		0417E0AB2BE3563400C35A39 /* Preview Assets.xcassets */ = {isa = PBXFileReference; lastKnownFileType = folder.assetcatalog; path = "Preview Assets.xcassets"; sourceTree = "<group>"; };
		0417E0AD2BE3563400C35A39 /* MacLandmarks.entitlements */ = {isa = PBXFileReference; lastKnownFileType = text.plist.entitlements; path = MacLandmarks.entitlements; sourceTree = "<group>"; };
		0417E0BE2BE3590000C35A39 /* LandmarkDetail.swift */ = {isa = PBXFileReference; lastKnownFileType = sourcecode.swift; path = LandmarkDetail.swift; sourceTree = SOURCE_ROOT; };
		0417E0C02BE35C0400C35A39 /* LandmarkList.swift */ = {isa = PBXFileReference; lastKnownFileType = sourcecode.swift; path = LandmarkList.swift; sourceTree = "<group>"; };
		0417E0C22BE35EDE00C35A39 /* LandmarkCommands.swift */ = {isa = PBXFileReference; lastKnownFileType = sourcecode.swift; path = LandmarkCommands.swift; sourceTree = "<group>"; };
		0417E0C52BE362CC00C35A39 /* LandmarkSettings.swift */ = {isa = PBXFileReference; lastKnownFileType = sourcecode.swift; path = LandmarkSettings.swift; sourceTree = "<group>"; };
		043AFA3D2BD2075800524314 /* 0706012210019_Kimi_AFL3.app */ = {isa = PBXFileReference; explicitFileType = wrapper.application; includeInIndex = 0; path = 0706012210019_Kimi_AFL3.app; sourceTree = BUILT_PRODUCTS_DIR; };
		043AFA402BD2075800524314 /* _706012210019_Kimi_AFL3App.swift */ = {isa = PBXFileReference; lastKnownFileType = sourcecode.swift; path = _706012210019_Kimi_AFL3App.swift; sourceTree = "<group>"; };
		043AFA422BD2075800524314 /* ContentView.swift */ = {isa = PBXFileReference; lastKnownFileType = sourcecode.swift; path = ContentView.swift; sourceTree = "<group>"; };
		043AFA442BD2075900524314 /* Assets.xcassets */ = {isa = PBXFileReference; lastKnownFileType = folder.assetcatalog; path = Assets.xcassets; sourceTree = "<group>"; };
		043AFA472BD2075900524314 /* Preview Assets.xcassets */ = {isa = PBXFileReference; lastKnownFileType = folder.assetcatalog; path = "Preview Assets.xcassets"; sourceTree = "<group>"; };
		048012E52BDA1A20007DC51A /* CircleImage.swift */ = {isa = PBXFileReference; lastKnownFileType = sourcecode.swift; path = CircleImage.swift; sourceTree = "<group>"; };
		048012E72BDA1A67007DC51A /* MapView.swift */ = {isa = PBXFileReference; lastKnownFileType = sourcecode.swift; path = MapView.swift; sourceTree = "<group>"; };
/* End PBXFileReference section */

/* Begin PBXFrameworksBuildPhase section */
		0417E0762BDB528500C35A39 /* Frameworks */ = {
			isa = PBXFrameworksBuildPhase;
			buildActionMask = 2147483647;
			files = (
			);
			runOnlyForDeploymentPostprocessing = 0;
		};
		0417E09F2BE3563100C35A39 /* Frameworks */ = {
			isa = PBXFrameworksBuildPhase;
			buildActionMask = 2147483647;
			files = (
			);
			runOnlyForDeploymentPostprocessing = 0;
		};
		043AFA3A2BD2075800524314 /* Frameworks */ = {
			isa = PBXFrameworksBuildPhase;
			buildActionMask = 2147483647;
			files = (
			);
			runOnlyForDeploymentPostprocessing = 0;
		};
/* End PBXFrameworksBuildPhase section */

/* Begin PBXGroup section */
		0417DFCB2BDA1E5E00C35A39 /* Views */ = {
			isa = PBXGroup;
			children = (
				043AFA422BD2075800524314 /* ContentView.swift */,
				0417E0702BDB484E00C35A39 /* PageView */,
				0417E0672BDB483000C35A39 /* Hikes */,
				0417E05F2BDB480500C35A39 /* Profiles */,
				0417E0582BDB47F800C35A39 /* Category */,
				0417E04E2BDB47D400C35A39 /* Badges */,
				0417DFD62BDA28F100C35A39 /* Helper */,
				0417DFD72BDA28FF00C35A39 /* Landmarks */,
			);
			path = Views;
			sourceTree = "<group>";
		};
		0417DFCD2BDA1EC900C35A39 /* Resources */ = {
			isa = PBXGroup;
			children = (
				0417E0442BDB473100C35A39 /* hikeData.json */,
				0417DFAF2BDA1C9500C35A39 /* landmarkData.json */,
			);
			path = Resources;
			sourceTree = "<group>";
		};
		0417DFD62BDA28F100C35A39 /* Helper */ = {
			isa = PBXGroup;
			children = (
				0417DFD42BDA28BA00C35A39 /* FavoriteButton.swift */,
				048012E52BDA1A20007DC51A /* CircleImage.swift */,
				048012E72BDA1A67007DC51A /* MapView.swift */,
			);
			path = Helper;
			sourceTree = "<group>";
		};
		0417DFD72BDA28FF00C35A39 /* Landmarks */ = {
			isa = PBXGroup;
			children = (
				0417DFD02BDA1FA000C35A39 /* LandmarkList.swift */,
				0417DFCE2BDA1F1700C35A39 /* LandmarkRow.swift */,
				0417DFD22BDA209200C35A39 /* LandmarkDetail.swift */,
			);
			path = Landmarks;
			sourceTree = "<group>";
		};
		0417E03F2BDB46CC00C35A39 /* Model */ = {
			isa = PBXGroup;
			children = (
				0417E03B2BDB46CC00C35A39 /* Hike.swift */,
				0417E03C2BDB46CC00C35A39 /* Landmark.swift */,
				0417E03D2BDB46CC00C35A39 /* ModelData.swift */,
				0417E03E2BDB46CC00C35A39 /* Profile.swift */,
			);
			path = Model;
			sourceTree = "<group>";
		};
		0417E04E2BDB47D400C35A39 /* Badges */ = {
			isa = PBXGroup;
			children = (
				0417E0482BDB47D400C35A39 /* Badge.swift */,
				0417E0492BDB47D400C35A39 /* BadgeBackground.swift */,
				0417E04A2BDB47D400C35A39 /* BadgeSymbol.swift */,
				0417E04B2BDB47D400C35A39 /* HexagonParameters.swift */,
				0417E04C2BDB47D400C35A39 /* HikeBadge.swift */,
				0417E04D2BDB47D400C35A39 /* RotatedBadgeSymbol.swift */,
			);
			path = Badges;
			sourceTree = "<group>";
		};
		0417E0582BDB47F800C35A39 /* Category */ = {
			isa = PBXGroup;
			children = (
				0417E0552BDB47F800C35A39 /* CategoryHome.swift */,
				0417E0562BDB47F800C35A39 /* CategoryItem.swift */,
				0417E0572BDB47F800C35A39 /* CategoryRow.swift */,
			);
			path = Category;
			sourceTree = "<group>";
		};
		0417E05F2BDB480500C35A39 /* Profiles */ = {
			isa = PBXGroup;
			children = (
				0417E05C2BDB480500C35A39 /* ProfileEditor.swift */,
				0417E05D2BDB480500C35A39 /* ProfileHost.swift */,
				0417E05E2BDB480500C35A39 /* ProfileSummary.swift */,
			);
			path = Profiles;
			sourceTree = "<group>";
		};
		0417E0672BDB483000C35A39 /* Hikes */ = {
			isa = PBXGroup;
			children = (
				0417E0632BDB483000C35A39 /* GraphCapsule.swift */,
				0417E0642BDB483000C35A39 /* HikeDetail.swift */,
				0417E0652BDB483000C35A39 /* HikeGraph.swift */,
				0417E0662BDB483000C35A39 /* HikeView.swift */,
			);
			path = Hikes;
			sourceTree = "<group>";
		};
		0417E0702BDB484E00C35A39 /* PageView */ = {
			isa = PBXGroup;
			children = (
				0417E06C2BDB484E00C35A39 /* FeatureCard.swift */,
				0417E06D2BDB484E00C35A39 /* PageControl.swift */,
				0417E06E2BDB484E00C35A39 /* PageView.swift */,
				0417E06F2BDB484E00C35A39 /* PageViewController.swift */,
			);
			path = PageView;
			sourceTree = "<group>";
		};
		0417E07A2BDB528500C35A39 /* WatchLandmarks Watch App */ = {
			isa = PBXGroup;
			children = (
				0417E07D2BDB528500C35A39 /* ContentView.swift */,
				0417E09D2BDB5A5E00C35A39 /* PushNotificationPayload.apns */,
				0417E0972BDB56DE00C35A39 /* LandmarkDetail.swift */,
				0417E0992BDB58A400C35A39 /* NotificationView.swift */,
				0417E09B2BDB58F700C35A39 /* NotificationController.swift */,
				0417E0C02BE35C0400C35A39 /* LandmarkList.swift */,
				0417E07F2BDB528600C35A39 /* Assets.xcassets */,
				0417E0812BDB528600C35A39 /* Preview Content */,
			);
			path = "WatchLandmarks Watch App";
			sourceTree = "<group>";
		};
		0417E0812BDB528600C35A39 /* Preview Content */ = {
			isa = PBXGroup;
			children = (
				0417E0822BDB528600C35A39 /* Preview Assets.xcassets */,
			);
			path = "Preview Content";
			sourceTree = "<group>";
		};
		0417E0A32BE3563100C35A39 /* MacLandmarks */ = {
			isa = PBXGroup;
			children = (
				0417E0A62BE3563100C35A39 /* ContentView.swift */,
				0417E0C52BE362CC00C35A39 /* LandmarkSettings.swift */,
				0417E0C22BE35EDE00C35A39 /* LandmarkCommands.swift */,
				0417E0BE2BE3590000C35A39 /* LandmarkDetail.swift */,
				0417E0A82BE3563400C35A39 /* Assets.xcassets */,
				0417E0AD2BE3563400C35A39 /* MacLandmarks.entitlements */,
				0417E0AA2BE3563400C35A39 /* Preview Content */,
			);
			path = MacLandmarks;
			sourceTree = "<group>";
		};
		0417E0AA2BE3563400C35A39 /* Preview Content */ = {
			isa = PBXGroup;
			children = (
				0417E0AB2BE3563400C35A39 /* Preview Assets.xcassets */,
			);
			path = "Preview Content";
			sourceTree = "<group>";
		};
		043AFA342BD2075700524314 = {
			isa = PBXGroup;
			children = (
				043AFA3F2BD2075800524314 /* 0706012210019_Kimi_AFL3 */,
				0417E07A2BDB528500C35A39 /* WatchLandmarks Watch App */,
				0417E0A32BE3563100C35A39 /* MacLandmarks */,
				043AFA3E2BD2075800524314 /* Products */,
			);
			sourceTree = "<group>";
		};
		043AFA3E2BD2075800524314 /* Products */ = {
			isa = PBXGroup;
			children = (
				043AFA3D2BD2075800524314 /* 0706012210019_Kimi_AFL3.app */,
				0417E0792BDB528500C35A39 /* WatchLandmarks Watch App.app */,
				0417E0A22BE3563100C35A39 /* MacLandmarks.app */,
			);
			name = Products;
			sourceTree = "<group>";
		};
		043AFA3F2BD2075800524314 /* 0706012210019_Kimi_AFL3 */ = {
			isa = PBXGroup;
			children = (
				043AFA402BD2075800524314 /* _706012210019_Kimi_AFL3App.swift */,
				0417E03F2BDB46CC00C35A39 /* Model */,
				0417DFCD2BDA1EC900C35A39 /* Resources */,
				0417DFCB2BDA1E5E00C35A39 /* Views */,
				043AFA442BD2075900524314 /* Assets.xcassets */,
				043AFA462BD2075900524314 /* Preview Content */,
			);
			path = 0706012210019_Kimi_AFL3;
			sourceTree = "<group>";
		};
		043AFA462BD2075900524314 /* Preview Content */ = {
			isa = PBXGroup;
			children = (
				043AFA472BD2075900524314 /* Preview Assets.xcassets */,
			);
			path = "Preview Content";
			sourceTree = "<group>";
		};
/* End PBXGroup section */

/* Begin PBXNativeTarget section */
		0417E0782BDB528500C35A39 /* WatchLandmarks Watch App */ = {
			isa = PBXNativeTarget;
			buildConfigurationList = 0417E0872BDB528600C35A39 /* Build configuration list for PBXNativeTarget "WatchLandmarks Watch App" */;
			buildPhases = (
				0417E0752BDB528500C35A39 /* Sources */,
				0417E0762BDB528500C35A39 /* Frameworks */,
				0417E0772BDB528500C35A39 /* Resources */,
			);
			buildRules = (
			);
			dependencies = (
			);
			name = "WatchLandmarks Watch App";
			productName = "WatchLandmarks Watch App";
			productReference = 0417E0792BDB528500C35A39 /* WatchLandmarks Watch App.app */;
			productType = "com.apple.product-type.application";
		};
		0417E0A12BE3563100C35A39 /* MacLandmarks */ = {
			isa = PBXNativeTarget;
			buildConfigurationList = 0417E0AE2BE3563400C35A39 /* Build configuration list for PBXNativeTarget "MacLandmarks" */;
			buildPhases = (
				0417E09E2BE3563100C35A39 /* Sources */,
				0417E09F2BE3563100C35A39 /* Frameworks */,
				0417E0A02BE3563100C35A39 /* Resources */,
			);
			buildRules = (
			);
			dependencies = (
			);
			name = MacLandmarks;
			productName = MacLandmarks;
			productReference = 0417E0A22BE3563100C35A39 /* MacLandmarks.app */;
			productType = "com.apple.product-type.application";
		};
		043AFA3C2BD2075800524314 /* 0706012210019_Kimi_AFL3 */ = {
			isa = PBXNativeTarget;
			buildConfigurationList = 043AFA4B2BD2075900524314 /* Build configuration list for PBXNativeTarget "0706012210019_Kimi_AFL3" */;
			buildPhases = (
				043AFA392BD2075800524314 /* Sources */,
				043AFA3A2BD2075800524314 /* Frameworks */,
				043AFA3B2BD2075800524314 /* Resources */,
				0417E08A2BDB528600C35A39 /* Embed Watch Content */,
			);
			buildRules = (
			);
			dependencies = (
				0417E0852BDB528600C35A39 /* PBXTargetDependency */,
			);
			name = 0706012210019_Kimi_AFL3;
			productName = 0706012210019_Kimi_AFL3;
			productReference = 043AFA3D2BD2075800524314 /* 0706012210019_Kimi_AFL3.app */;
			productType = "com.apple.product-type.application";
		};
/* End PBXNativeTarget section */

/* Begin PBXProject section */
		043AFA352BD2075700524314 /* Project object */ = {
			isa = PBXProject;
			attributes = {
				BuildIndependentTargetsInParallel = 1;
				LastSwiftUpdateCheck = 1530;
				LastUpgradeCheck = 1530;
				TargetAttributes = {
					0417E0782BDB528500C35A39 = {
						CreatedOnToolsVersion = 15.3;
					};
					0417E0A12BE3563100C35A39 = {
						CreatedOnToolsVersion = 15.3;
					};
					043AFA3C2BD2075800524314 = {
						CreatedOnToolsVersion = 15.3;
					};
				};
			};
			buildConfigurationList = 043AFA382BD2075800524314 /* Build configuration list for PBXProject "0706012210019_Kimi_AFL3" */;
			compatibilityVersion = "Xcode 14.0";
			developmentRegion = en;
			hasScannedForEncodings = 0;
			knownRegions = (
				en,
				Base,
			);
			mainGroup = 043AFA342BD2075700524314;
			productRefGroup = 043AFA3E2BD2075800524314 /* Products */;
			projectDirPath = "";
			projectRoot = "";
			targets = (
				043AFA3C2BD2075800524314 /* 0706012210019_Kimi_AFL3 */,
				0417E0782BDB528500C35A39 /* WatchLandmarks Watch App */,
				0417E0A12BE3563100C35A39 /* MacLandmarks */,
			);
		};
/* End PBXProject section */

/* Begin PBXResourcesBuildPhase section */
		0417E0772BDB528500C35A39 /* Resources */ = {
			isa = PBXResourcesBuildPhase;
			buildActionMask = 2147483647;
			files = (
				0417E0832BDB528600C35A39 /* Preview Assets.xcassets in Resources */,
				0417E08B2BDB555500C35A39 /* landmarkData.json in Resources */,
				0417E08C2BDB555500C35A39 /* hikeData.json in Resources */,
				0417E08D2BDB555500C35A39 /* Assets.xcassets in Resources */,
				0417E0802BDB528600C35A39 /* Assets.xcassets in Resources */,
			);
			runOnlyForDeploymentPostprocessing = 0;
		};
		0417E0A02BE3563100C35A39 /* Resources */ = {
			isa = PBXResourcesBuildPhase;
			buildActionMask = 2147483647;
			files = (
				0417E0B12BE3574C00C35A39 /* hikeData.json in Resources */,
				0417E0B22BE3574C00C35A39 /* Assets.xcassets in Resources */,
				0417E0B32BE3574C00C35A39 /* landmarkData.json in Resources */,
				0417E0AC2BE3563400C35A39 /* Preview Assets.xcassets in Resources */,
				0417E0A92BE3563400C35A39 /* Assets.xcassets in Resources */,
			);
			runOnlyForDeploymentPostprocessing = 0;
		};
		043AFA3B2BD2075800524314 /* Resources */ = {
			isa = PBXResourcesBuildPhase;
			buildActionMask = 2147483647;
			files = (
				0417E0452BDB473100C35A39 /* hikeData.json in Resources */,
				043AFA482BD2075900524314 /* Preview Assets.xcassets in Resources */,
				043AFA452BD2075900524314 /* Assets.xcassets in Resources */,
				0417DFB02BDA1C9500C35A39 /* landmarkData.json in Resources */,
			);
			runOnlyForDeploymentPostprocessing = 0;
		};
/* End PBXResourcesBuildPhase section */

/* Begin PBXSourcesBuildPhase section */
		0417E0752BDB528500C35A39 /* Sources */ = {
			isa = PBXSourcesBuildPhase;
			buildActionMask = 2147483647;
			files = (
				0417E08E2BDB555500C35A39 /* LandmarkRow.swift in Sources */,
				0417E0902BDB555500C35A39 /* Landmark.swift in Sources */,
				0417E0C12BE35C0400C35A39 /* LandmarkList.swift in Sources */,
				0417E0912BDB555500C35A39 /* _706012210019_Kimi_AFL3App.swift in Sources */,
				0417E0922BDB555500C35A39 /* Hike.swift in Sources */,
				0417E0932BDB555500C35A39 /* ModelData.swift in Sources */,
				0417E0942BDB555500C35A39 /* Profile.swift in Sources */,
				0417E0952BDB555500C35A39 /* MapView.swift in Sources */,
				0417E0962BDB555500C35A39 /* CircleImage.swift in Sources */,
				0417E09C2BDB58F700C35A39 /* NotificationController.swift in Sources */,
				0417E07E2BDB528500C35A39 /* ContentView.swift in Sources */,
				0417E0982BDB56DE00C35A39 /* LandmarkDetail.swift in Sources */,
				0417E09A2BDB58A400C35A39 /* NotificationView.swift in Sources */,
			);
			runOnlyForDeploymentPostprocessing = 0;
		};
		0417E09E2BE3563100C35A39 /* Sources */ = {
			isa = PBXSourcesBuildPhase;
			buildActionMask = 2147483647;
			files = (
				0417E0A72BE3563100C35A39 /* ContentView.swift in Sources */,
				0417E0B42BE3574C00C35A39 /* LandmarkList.swift in Sources */,
				0417E0C62BE362CC00C35A39 /* LandmarkSettings.swift in Sources */,
				0417E0B52BE3574C00C35A39 /* MapView.swift in Sources */,
				0417E0B62BE3574C00C35A39 /* ModelData.swift in Sources */,
				0417E0C42BE35EDE00C35A39 /* LandmarkCommands.swift in Sources */,
				0417E0BF2BE3590000C35A39 /* LandmarkDetail.swift in Sources */,
				0417E0B72BE3574C00C35A39 /* Hike.swift in Sources */,
				0417E0B82BE3574C00C35A39 /* LandmarkRow.swift in Sources */,
				0417E0B92BE3574C00C35A39 /* _706012210019_Kimi_AFL3App.swift in Sources */,
				0417E0BA2BE3574C00C35A39 /* Landmark.swift in Sources */,
				0417E0BB2BE3574C00C35A39 /* FavoriteButton.swift in Sources */,
				0417E0BC2BE3574C00C35A39 /* Profile.swift in Sources */,
				0417E0BD2BE3574C00C35A39 /* CircleImage.swift in Sources */,
			);
			runOnlyForDeploymentPostprocessing = 0;
		};
		043AFA392BD2075800524314 /* Sources */ = {
			isa = PBXSourcesBuildPhase;
			buildActionMask = 2147483647;
			files = (
				043AFA432BD2075800524314 /* ContentView.swift in Sources */,
				048012E82BDA1A67007DC51A /* MapView.swift in Sources */,
				0417E0C32BE35EDE00C35A39 /* LandmarkCommands.swift in Sources */,
				0417E0712BDB484E00C35A39 /* FeatureCard.swift in Sources */,
				0417E0422BDB46CC00C35A39 /* ModelData.swift in Sources */,
				0417E0612BDB480500C35A39 /* ProfileHost.swift in Sources */,
				043AFA412BD2075800524314 /* _706012210019_Kimi_AFL3App.swift in Sources */,
				0417E05B2BDB47F800C35A39 /* CategoryRow.swift in Sources */,
				0417E0532BDB47D400C35A39 /* HikeBadge.swift in Sources */,
				0417E0522BDB47D400C35A39 /* HexagonParameters.swift in Sources */,
				0417E0402BDB46CC00C35A39 /* Hike.swift in Sources */,
				0417E06B2BDB483100C35A39 /* HikeView.swift in Sources */,
				0417E0512BDB47D400C35A39 /* BadgeSymbol.swift in Sources */,
				0417E06A2BDB483000C35A39 /* HikeGraph.swift in Sources */,
				0417DFD52BDA28BA00C35A39 /* FavoriteButton.swift in Sources */,
				0417E0412BDB46CC00C35A39 /* Landmark.swift in Sources */,
				0417E0742BDB484E00C35A39 /* PageViewController.swift in Sources */,
				0417E04F2BDB47D400C35A39 /* Badge.swift in Sources */,
				0417E0592BDB47F800C35A39 /* CategoryHome.swift in Sources */,
				0417E0622BDB480500C35A39 /* ProfileSummary.swift in Sources */,
				0417E0732BDB484E00C35A39 /* PageView.swift in Sources */,
				0417E0432BDB46CC00C35A39 /* Profile.swift in Sources */,
				0417DFD12BDA1FA000C35A39 /* LandmarkList.swift in Sources */,
				0417E0722BDB484E00C35A39 /* PageControl.swift in Sources */,
				0417DFD32BDA209200C35A39 /* LandmarkDetail.swift in Sources */,
				048012E62BDA1A20007DC51A /* CircleImage.swift in Sources */,
				0417E0502BDB47D400C35A39 /* BadgeBackground.swift in Sources */,
				0417E0682BDB483000C35A39 /* GraphCapsule.swift in Sources */,
				0417E0692BDB483000C35A39 /* HikeDetail.swift in Sources */,
				0417E0602BDB480500C35A39 /* ProfileEditor.swift in Sources */,
				0417E0542BDB47D400C35A39 /* RotatedBadgeSymbol.swift in Sources */,
				0417E05A2BDB47F800C35A39 /* CategoryItem.swift in Sources */,
				0417DFCF2BDA1F1700C35A39 /* LandmarkRow.swift in Sources */,
			);
			runOnlyForDeploymentPostprocessing = 0;
		};
/* End PBXSourcesBuildPhase section */

/* Begin PBXTargetDependency section */
		0417E0852BDB528600C35A39 /* PBXTargetDependency */ = {
			isa = PBXTargetDependency;
			target = 0417E0782BDB528500C35A39 /* WatchLandmarks Watch App */;
			targetProxy = 0417E0842BDB528600C35A39 /* PBXContainerItemProxy */;
		};
/* End PBXTargetDependency section */

/* Begin XCBuildConfiguration section */
		0417E0882BDB528600C35A39 /* Debug */ = {
			isa = XCBuildConfiguration;
			buildSettings = {
				ASSETCATALOG_COMPILER_APPICON_NAME = AppIcon;
				ASSETCATALOG_COMPILER_GLOBAL_ACCENT_COLOR_NAME = AccentColor;
				CODE_SIGN_STYLE = Automatic;
				CURRENT_PROJECT_VERSION = 1;
				DEVELOPMENT_ASSET_PATHS = "\"WatchLandmarks Watch App/Preview Content\"";
				ENABLE_PREVIEWS = YES;
				GENERATE_INFOPLIST_FILE = YES;
				INFOPLIST_KEY_CFBundleDisplayName = WatchLandmarks;
				INFOPLIST_KEY_UISupportedInterfaceOrientations = "UIInterfaceOrientationPortrait UIInterfaceOrientationPortraitUpsideDown";
				INFOPLIST_KEY_WKCompanionAppBundleIdentifier = "mobile-app.-706012210019-Kimi-AFL3";
				INFOPLIST_KEY_WKRunsIndependentlyOfCompanionApp = YES;
				LD_RUNPATH_SEARCH_PATHS = (
					"$(inherited)",
					"@executable_path/Frameworks",
				);
				MARKETING_VERSION = 1.0;
				PRODUCT_BUNDLE_IDENTIFIER = "mobile-app.-706012210019-Kimi-AFL3.watchkitapp";
				PRODUCT_NAME = "$(TARGET_NAME)";
				SDKROOT = watchos;
				SKIP_INSTALL = YES;
				SWIFT_EMIT_LOC_STRINGS = YES;
				SWIFT_VERSION = 5.0;
				TARGETED_DEVICE_FAMILY = 4;
				WATCHOS_DEPLOYMENT_TARGET = 10.4;
			};
			name = Debug;
		};
		0417E0892BDB528600C35A39 /* Release */ = {
			isa = XCBuildConfiguration;
			buildSettings = {
				ASSETCATALOG_COMPILER_APPICON_NAME = AppIcon;
				ASSETCATALOG_COMPILER_GLOBAL_ACCENT_COLOR_NAME = AccentColor;
				CODE_SIGN_STYLE = Automatic;
				CURRENT_PROJECT_VERSION = 1;
				DEVELOPMENT_ASSET_PATHS = "\"WatchLandmarks Watch App/Preview Content\"";
				ENABLE_PREVIEWS = YES;
				GENERATE_INFOPLIST_FILE = YES;
				INFOPLIST_KEY_CFBundleDisplayName = WatchLandmarks;
				INFOPLIST_KEY_UISupportedInterfaceOrientations = "UIInterfaceOrientationPortrait UIInterfaceOrientationPortraitUpsideDown";
				INFOPLIST_KEY_WKCompanionAppBundleIdentifier = "mobile-app.-706012210019-Kimi-AFL3";
				INFOPLIST_KEY_WKRunsIndependentlyOfCompanionApp = YES;
				LD_RUNPATH_SEARCH_PATHS = (
					"$(inherited)",
					"@executable_path/Frameworks",
				);
				MARKETING_VERSION = 1.0;
				PRODUCT_BUNDLE_IDENTIFIER = "mobile-app.-706012210019-Kimi-AFL3.watchkitapp";
				PRODUCT_NAME = "$(TARGET_NAME)";
				SDKROOT = watchos;
				SKIP_INSTALL = YES;
				SWIFT_EMIT_LOC_STRINGS = YES;
				SWIFT_VERSION = 5.0;
				TARGETED_DEVICE_FAMILY = 4;
				WATCHOS_DEPLOYMENT_TARGET = 10.4;
			};
			name = Release;
		};
		0417E0AF2BE3563400C35A39 /* Debug */ = {
			isa = XCBuildConfiguration;
			buildSettings = {
				ASSETCATALOG_COMPILER_APPICON_NAME = AppIcon;
				ASSETCATALOG_COMPILER_GLOBAL_ACCENT_COLOR_NAME = AccentColor;
				CODE_SIGN_ENTITLEMENTS = MacLandmarks/MacLandmarks.entitlements;
				CODE_SIGN_STYLE = Automatic;
				COMBINE_HIDPI_IMAGES = YES;
				CURRENT_PROJECT_VERSION = 1;
				DEVELOPMENT_ASSET_PATHS = "\"MacLandmarks/Preview Content\"";
				ENABLE_PREVIEWS = YES;
				GENERATE_INFOPLIST_FILE = YES;
				INFOPLIST_KEY_NSHumanReadableCopyright = "";
				LD_RUNPATH_SEARCH_PATHS = (
					"$(inherited)",
					"@executable_path/../Frameworks",
				);
				MACOSX_DEPLOYMENT_TARGET = 14.4;
				MARKETING_VERSION = 1.0;
				PRODUCT_BUNDLE_IDENTIFIER = "mobile-app.MacLandmarks";
				PRODUCT_NAME = "$(TARGET_NAME)";
				SDKROOT = macosx;
				SWIFT_EMIT_LOC_STRINGS = YES;
				SWIFT_VERSION = 5.0;
			};
			name = Debug;
		};
		0417E0B02BE3563400C35A39 /* Release */ = {
			isa = XCBuildConfiguration;
			buildSettings = {
				ASSETCATALOG_COMPILER_APPICON_NAME = AppIcon;
				ASSETCATALOG_COMPILER_GLOBAL_ACCENT_COLOR_NAME = AccentColor;
				CODE_SIGN_ENTITLEMENTS = MacLandmarks/MacLandmarks.entitlements;
				CODE_SIGN_STYLE = Automatic;
				COMBINE_HIDPI_IMAGES = YES;
				CURRENT_PROJECT_VERSION = 1;
				DEVELOPMENT_ASSET_PATHS = "\"MacLandmarks/Preview Content\"";
				ENABLE_PREVIEWS = YES;
				GENERATE_INFOPLIST_FILE = YES;
				INFOPLIST_KEY_NSHumanReadableCopyright = "";
				LD_RUNPATH_SEARCH_PATHS = (
					"$(inherited)",
					"@executable_path/../Frameworks",
				);
				MACOSX_DEPLOYMENT_TARGET = 14.4;
				MARKETING_VERSION = 1.0;
				PRODUCT_BUNDLE_IDENTIFIER = "mobile-app.MacLandmarks";
				PRODUCT_NAME = "$(TARGET_NAME)";
				SDKROOT = macosx;
				SWIFT_EMIT_LOC_STRINGS = YES;
				SWIFT_VERSION = 5.0;
			};
			name = Release;
		};
		043AFA492BD2075900524314 /* Debug */ = {
			isa = XCBuildConfiguration;
			buildSettings = {
				ALWAYS_SEARCH_USER_PATHS = NO;
				ASSETCATALOG_COMPILER_GENERATE_SWIFT_ASSET_SYMBOL_EXTENSIONS = YES;
				CLANG_ANALYZER_NONNULL = YES;
				CLANG_ANALYZER_NUMBER_OBJECT_CONVERSION = YES_AGGRESSIVE;
				CLANG_CXX_LANGUAGE_STANDARD = "gnu++20";
				CLANG_ENABLE_MODULES = YES;
				CLANG_ENABLE_OBJC_ARC = YES;
				CLANG_ENABLE_OBJC_WEAK = YES;
				CLANG_WARN_BLOCK_CAPTURE_AUTORELEASING = YES;
				CLANG_WARN_BOOL_CONVERSION = YES;
				CLANG_WARN_COMMA = YES;
				CLANG_WARN_CONSTANT_CONVERSION = YES;
				CLANG_WARN_DEPRECATED_OBJC_IMPLEMENTATIONS = YES;
				CLANG_WARN_DIRECT_OBJC_ISA_USAGE = YES_ERROR;
				CLANG_WARN_DOCUMENTATION_COMMENTS = YES;
				CLANG_WARN_EMPTY_BODY = YES;
				CLANG_WARN_ENUM_CONVERSION = YES;
				CLANG_WARN_INFINITE_RECURSION = YES;
				CLANG_WARN_INT_CONVERSION = YES;
				CLANG_WARN_NON_LITERAL_NULL_CONVERSION = YES;
				CLANG_WARN_OBJC_IMPLICIT_RETAIN_SELF = YES;
				CLANG_WARN_OBJC_LITERAL_CONVERSION = YES;
				CLANG_WARN_OBJC_ROOT_CLASS = YES_ERROR;
				CLANG_WARN_QUOTED_INCLUDE_IN_FRAMEWORK_HEADER = YES;
				CLANG_WARN_RANGE_LOOP_ANALYSIS = YES;
				CLANG_WARN_STRICT_PROTOTYPES = YES;
				CLANG_WARN_SUSPICIOUS_MOVE = YES;
				CLANG_WARN_UNGUARDED_AVAILABILITY = YES_AGGRESSIVE;
				CLANG_WARN_UNREACHABLE_CODE = YES;
				CLANG_WARN__DUPLICATE_METHOD_MATCH = YES;
				COPY_PHASE_STRIP = NO;
				DEBUG_INFORMATION_FORMAT = dwarf;
				ENABLE_STRICT_OBJC_MSGSEND = YES;
				ENABLE_TESTABILITY = YES;
				ENABLE_USER_SCRIPT_SANDBOXING = YES;
				GCC_C_LANGUAGE_STANDARD = gnu17;
				GCC_DYNAMIC_NO_PIC = NO;
				GCC_NO_COMMON_BLOCKS = YES;
				GCC_OPTIMIZATION_LEVEL = 0;
				GCC_PREPROCESSOR_DEFINITIONS = (
					"DEBUG=1",
					"$(inherited)",
				);
				GCC_WARN_64_TO_32_BIT_CONVERSION = YES;
				GCC_WARN_ABOUT_RETURN_TYPE = YES_ERROR;
				GCC_WARN_UNDECLARED_SELECTOR = YES;
				GCC_WARN_UNINITIALIZED_AUTOS = YES_AGGRESSIVE;
				GCC_WARN_UNUSED_FUNCTION = YES;
				GCC_WARN_UNUSED_VARIABLE = YES;
				IPHONEOS_DEPLOYMENT_TARGET = 17.4;
				LOCALIZATION_PREFERS_STRING_CATALOGS = YES;
				MTL_ENABLE_DEBUG_INFO = INCLUDE_SOURCE;
				MTL_FAST_MATH = YES;
				ONLY_ACTIVE_ARCH = YES;
				SDKROOT = iphoneos;
				SWIFT_ACTIVE_COMPILATION_CONDITIONS = "DEBUG $(inherited)";
				SWIFT_OPTIMIZATION_LEVEL = "-Onone";
			};
			name = Debug;
		};
		043AFA4A2BD2075900524314 /* Release */ = {
			isa = XCBuildConfiguration;
			buildSettings = {
				ALWAYS_SEARCH_USER_PATHS = NO;
				ASSETCATALOG_COMPILER_GENERATE_SWIFT_ASSET_SYMBOL_EXTENSIONS = YES;
				CLANG_ANALYZER_NONNULL = YES;
				CLANG_ANALYZER_NUMBER_OBJECT_CONVERSION = YES_AGGRESSIVE;
				CLANG_CXX_LANGUAGE_STANDARD = "gnu++20";
				CLANG_ENABLE_MODULES = YES;
				CLANG_ENABLE_OBJC_ARC = YES;
				CLANG_ENABLE_OBJC_WEAK = YES;
				CLANG_WARN_BLOCK_CAPTURE_AUTORELEASING = YES;
				CLANG_WARN_BOOL_CONVERSION = YES;
				CLANG_WARN_COMMA = YES;
				CLANG_WARN_CONSTANT_CONVERSION = YES;
				CLANG_WARN_DEPRECATED_OBJC_IMPLEMENTATIONS = YES;
				CLANG_WARN_DIRECT_OBJC_ISA_USAGE = YES_ERROR;
				CLANG_WARN_DOCUMENTATION_COMMENTS = YES;
				CLANG_WARN_EMPTY_BODY = YES;
				CLANG_WARN_ENUM_CONVERSION = YES;
				CLANG_WARN_INFINITE_RECURSION = YES;
				CLANG_WARN_INT_CONVERSION = YES;
				CLANG_WARN_NON_LITERAL_NULL_CONVERSION = YES;
				CLANG_WARN_OBJC_IMPLICIT_RETAIN_SELF = YES;
				CLANG_WARN_OBJC_LITERAL_CONVERSION = YES;
				CLANG_WARN_OBJC_ROOT_CLASS = YES_ERROR;
				CLANG_WARN_QUOTED_INCLUDE_IN_FRAMEWORK_HEADER = YES;
				CLANG_WARN_RANGE_LOOP_ANALYSIS = YES;
				CLANG_WARN_STRICT_PROTOTYPES = YES;
				CLANG_WARN_SUSPICIOUS_MOVE = YES;
				CLANG_WARN_UNGUARDED_AVAILABILITY = YES_AGGRESSIVE;
				CLANG_WARN_UNREACHABLE_CODE = YES;
				CLANG_WARN__DUPLICATE_METHOD_MATCH = YES;
				COPY_PHASE_STRIP = NO;
				DEBUG_INFORMATION_FORMAT = "dwarf-with-dsym";
				ENABLE_NS_ASSERTIONS = NO;
				ENABLE_STRICT_OBJC_MSGSEND = YES;
				ENABLE_USER_SCRIPT_SANDBOXING = YES;
				GCC_C_LANGUAGE_STANDARD = gnu17;
				GCC_NO_COMMON_BLOCKS = YES;
				GCC_WARN_64_TO_32_BIT_CONVERSION = YES;
				GCC_WARN_ABOUT_RETURN_TYPE = YES_ERROR;
				GCC_WARN_UNDECLARED_SELECTOR = YES;
				GCC_WARN_UNINITIALIZED_AUTOS = YES_AGGRESSIVE;
				GCC_WARN_UNUSED_FUNCTION = YES;
				GCC_WARN_UNUSED_VARIABLE = YES;
				IPHONEOS_DEPLOYMENT_TARGET = 17.4;
				LOCALIZATION_PREFERS_STRING_CATALOGS = YES;
				MTL_ENABLE_DEBUG_INFO = NO;
				MTL_FAST_MATH = YES;
				SDKROOT = iphoneos;
				SWIFT_COMPILATION_MODE = wholemodule;
				VALIDATE_PRODUCT = YES;
			};
			name = Release;
		};
		043AFA4C2BD2075900524314 /* Debug */ = {
			isa = XCBuildConfiguration;
			buildSettings = {
				ALWAYS_EMBED_SWIFT_STANDARD_LIBRARIES = YES;
				ASSETCATALOG_COMPILER_APPICON_NAME = AppIcon;
				ASSETCATALOG_COMPILER_GLOBAL_ACCENT_COLOR_NAME = AccentColor;
				CODE_SIGN_STYLE = Automatic;
				CURRENT_PROJECT_VERSION = 1;
				DEVELOPMENT_ASSET_PATHS = "\"0706012210019_Kimi_AFL3/Preview Content\"";
				ENABLE_PREVIEWS = YES;
				GENERATE_INFOPLIST_FILE = YES;
				INFOPLIST_KEY_UIApplicationSceneManifest_Generation = YES;
				INFOPLIST_KEY_UIApplicationSupportsIndirectInputEvents = YES;
				INFOPLIST_KEY_UILaunchScreen_Generation = YES;
				INFOPLIST_KEY_UISupportedInterfaceOrientations_iPad = "UIInterfaceOrientationPortrait UIInterfaceOrientationPortraitUpsideDown UIInterfaceOrientationLandscapeLeft UIInterfaceOrientationLandscapeRight";
				INFOPLIST_KEY_UISupportedInterfaceOrientations_iPhone = "UIInterfaceOrientationPortrait UIInterfaceOrientationLandscapeLeft UIInterfaceOrientationLandscapeRight";
				LD_RUNPATH_SEARCH_PATHS = (
					"$(inherited)",
					"@executable_path/Frameworks",
				);
				MARKETING_VERSION = 1.0;
				PRODUCT_BUNDLE_IDENTIFIER = "mobile-app.-706012210019-Kimi-AFL3";
				PRODUCT_NAME = "$(TARGET_NAME)";
				SWIFT_EMIT_LOC_STRINGS = YES;
				SWIFT_VERSION = 5.0;
				TARGETED_DEVICE_FAMILY = "1,2";
			};
			name = Debug;
		};
		043AFA4D2BD2075900524314 /* Release */ = {
			isa = XCBuildConfiguration;
			buildSettings = {
				ALWAYS_EMBED_SWIFT_STANDARD_LIBRARIES = YES;
				ASSETCATALOG_COMPILER_APPICON_NAME = AppIcon;
				ASSETCATALOG_COMPILER_GLOBAL_ACCENT_COLOR_NAME = AccentColor;
				CODE_SIGN_STYLE = Automatic;
				CURRENT_PROJECT_VERSION = 1;
				DEVELOPMENT_ASSET_PATHS = "\"0706012210019_Kimi_AFL3/Preview Content\"";
				ENABLE_PREVIEWS = YES;
				GENERATE_INFOPLIST_FILE = YES;
				INFOPLIST_KEY_UIApplicationSceneManifest_Generation = YES;
				INFOPLIST_KEY_UIApplicationSupportsIndirectInputEvents = YES;
				INFOPLIST_KEY_UILaunchScreen_Generation = YES;
				INFOPLIST_KEY_UISupportedInterfaceOrientations_iPad = "UIInterfaceOrientationPortrait UIInterfaceOrientationPortraitUpsideDown UIInterfaceOrientationLandscapeLeft UIInterfaceOrientationLandscapeRight";
				INFOPLIST_KEY_UISupportedInterfaceOrientations_iPhone = "UIInterfaceOrientationPortrait UIInterfaceOrientationLandscapeLeft UIInterfaceOrientationLandscapeRight";
				LD_RUNPATH_SEARCH_PATHS = (
					"$(inherited)",
					"@executable_path/Frameworks",
				);
				MARKETING_VERSION = 1.0;
				PRODUCT_BUNDLE_IDENTIFIER = "mobile-app.-706012210019-Kimi-AFL3";
				PRODUCT_NAME = "$(TARGET_NAME)";
				SWIFT_EMIT_LOC_STRINGS = YES;
				SWIFT_VERSION = 5.0;
				TARGETED_DEVICE_FAMILY = "1,2";
			};
			name = Release;
		};
/* End XCBuildConfiguration section */

/* Begin XCConfigurationList section */
		0417E0872BDB528600C35A39 /* Build configuration list for PBXNativeTarget "WatchLandmarks Watch App" */ = {
			isa = XCConfigurationList;
			buildConfigurations = (
				0417E0882BDB528600C35A39 /* Debug */,
				0417E0892BDB528600C35A39 /* Release */,
			);
			defaultConfigurationIsVisible = 0;
			defaultConfigurationName = Release;
		};
		0417E0AE2BE3563400C35A39 /* Build configuration list for PBXNativeTarget "MacLandmarks" */ = {
			isa = XCConfigurationList;
			buildConfigurations = (
				0417E0AF2BE3563400C35A39 /* Debug */,
				0417E0B02BE3563400C35A39 /* Release */,
			);
			defaultConfigurationIsVisible = 0;
			defaultConfigurationName = Release;
		};
		043AFA382BD2075800524314 /* Build configuration list for PBXProject "0706012210019_Kimi_AFL3" */ = {
			isa = XCConfigurationList;
			buildConfigurations = (
				043AFA492BD2075900524314 /* Debug */,
				043AFA4A2BD2075900524314 /* Release */,
			);
			defaultConfigurationIsVisible = 0;
			defaultConfigurationName = Release;
		};
		043AFA4B2BD2075900524314 /* Build configuration list for PBXNativeTarget "0706012210019_Kimi_AFL3" */ = {
			isa = XCConfigurationList;
			buildConfigurations = (
				043AFA4C2BD2075900524314 /* Debug */,
				043AFA4D2BD2075900524314 /* Release */,
			);
			defaultConfigurationIsVisible = 0;
			defaultConfigurationName = Release;
		};
/* End XCConfigurationList section */
	};
	rootObject = 043AFA352BD2075700524314 /* Project object */;
}
