// !$*UTF8*$!
{
	archiveVersion = 1;
	classes = {
	};
	objectVersion = 56;
	objects = {

/* Begin PBXBuildFile section */
		0417DFB02BDA1C9500C35A39 /* landmarkData.json in Resources */ = {isa = PBXBuildFile; fileRef = 0417DFAF2BDA1C9500C35A39 /* landmarkData.json */; };
		0417DFB22BDA1CA900C35A39 /* Landmark.swift in Sources */ = {isa = PBXBuildFile; fileRef = 0417DFB12BDA1CA900C35A39 /* Landmark.swift */; };
		0417DFCA2BDA1DB400C35A39 /* ModelData.swift in Sources */ = {isa = PBXBuildFile; fileRef = 0417DFC92BDA1DB400C35A39 /* ModelData.swift */; };
		0417DFCF2BDA1F1700C35A39 /* LandmarkRow.swift in Sources */ = {isa = PBXBuildFile; fileRef = 0417DFCE2BDA1F1700C35A39 /* LandmarkRow.swift */; };
		0417DFD12BDA1FA000C35A39 /* LandmarkList.swift in Sources */ = {isa = PBXBuildFile; fileRef = 0417DFD02BDA1FA000C35A39 /* LandmarkList.swift */; };
		0417DFD32BDA209200C35A39 /* LandmarkDetail.swift in Sources */ = {isa = PBXBuildFile; fileRef = 0417DFD22BDA209200C35A39 /* LandmarkDetail.swift */; };
		0417DFD52BDA28BA00C35A39 /* FavoriteButton.swift in Sources */ = {isa = PBXBuildFile; fileRef = 0417DFD42BDA28BA00C35A39 /* FavoriteButton.swift */; };
		043AFA412BD2075800524314 /* _706012210019_Kimi_AFL3App.swift in Sources */ = {isa = PBXBuildFile; fileRef = 043AFA402BD2075800524314 /* _706012210019_Kimi_AFL3App.swift */; };
		043AFA432BD2075800524314 /* ContentView.swift in Sources */ = {isa = PBXBuildFile; fileRef = 043AFA422BD2075800524314 /* ContentView.swift */; };
		043AFA452BD2075900524314 /* Assets.xcassets in Resources */ = {isa = PBXBuildFile; fileRef = 043AFA442BD2075900524314 /* Assets.xcassets */; };
		043AFA482BD2075900524314 /* Preview Assets.xcassets in Resources */ = {isa = PBXBuildFile; fileRef = 043AFA472BD2075900524314 /* Preview Assets.xcassets */; };
		048012E62BDA1A20007DC51A /* CircleImage.swift in Sources */ = {isa = PBXBuildFile; fileRef = 048012E52BDA1A20007DC51A /* CircleImage.swift */; };
		048012E82BDA1A67007DC51A /* MapView.swift in Sources */ = {isa = PBXBuildFile; fileRef = 048012E72BDA1A67007DC51A /* MapView.swift */; };
/* End PBXBuildFile section */

/* Begin PBXFileReference section */
		0417DFAF2BDA1C9500C35A39 /* landmarkData.json */ = {isa = PBXFileReference; fileEncoding = 4; lastKnownFileType = text.json; path = landmarkData.json; sourceTree = "<group>"; };
		0417DFB12BDA1CA900C35A39 /* Landmark.swift */ = {isa = PBXFileReference; lastKnownFileType = sourcecode.swift; path = Landmark.swift; sourceTree = "<group>"; };
		0417DFC92BDA1DB400C35A39 /* ModelData.swift */ = {isa = PBXFileReference; lastKnownFileType = sourcecode.swift; path = ModelData.swift; sourceTree = "<group>"; };
		0417DFCE2BDA1F1700C35A39 /* LandmarkRow.swift */ = {isa = PBXFileReference; lastKnownFileType = sourcecode.swift; path = LandmarkRow.swift; sourceTree = "<group>"; };
		0417DFD02BDA1FA000C35A39 /* LandmarkList.swift */ = {isa = PBXFileReference; lastKnownFileType = sourcecode.swift; path = LandmarkList.swift; sourceTree = "<group>"; };
		0417DFD22BDA209200C35A39 /* LandmarkDetail.swift */ = {isa = PBXFileReference; lastKnownFileType = sourcecode.swift; path = LandmarkDetail.swift; sourceTree = "<group>"; };
		0417DFD42BDA28BA00C35A39 /* FavoriteButton.swift */ = {isa = PBXFileReference; lastKnownFileType = sourcecode.swift; path = FavoriteButton.swift; sourceTree = "<group>"; };
		043AFA3D2BD2075800524314 /* 0706012210019_Kimi_AFL3.app */ = {isa = PBXFileReference; explicitFileType = wrapper.application; includeInIndex = 0; path = 0706012210019_Kimi_AFL3.app; sourceTree = BUILT_PRODUCTS_DIR; };
		043AFA402BD2075800524314 /* _706012210019_Kimi_AFL3App.swift */ = {isa = PBXFileReference; lastKnownFileType = sourcecode.swift; path = _706012210019_Kimi_AFL3App.swift; sourceTree = "<group>"; };
		043AFA422BD2075800524314 /* ContentView.swift */ = {isa = PBXFileReference; lastKnownFileType = sourcecode.swift; path = ContentView.swift; sourceTree = "<group>"; };
		043AFA442BD2075900524314 /* Assets.xcassets */ = {isa = PBXFileReference; lastKnownFileType = folder.assetcatalog; path = Assets.xcassets; sourceTree = "<group>"; };
		043AFA472BD2075900524314 /* Preview Assets.xcassets */ = {isa = PBXFileReference; lastKnownFileType = folder.assetcatalog; path = "Preview Assets.xcassets"; sourceTree = "<group>"; };
		048012E52BDA1A20007DC51A /* CircleImage.swift */ = {isa = PBXFileReference; lastKnownFileType = sourcecode.swift; path = CircleImage.swift; sourceTree = "<group>"; };
		048012E72BDA1A67007DC51A /* MapView.swift */ = {isa = PBXFileReference; lastKnownFileType = sourcecode.swift; path = MapView.swift; sourceTree = "<group>"; };
/* End PBXFileReference section */

/* Begin PBXFrameworksBuildPhase section */
		043AFA3A2BD2075800524314 /* Frameworks */ = {
			isa = PBXFrameworksBuildPhase;
			buildActionMask = 2147483647;
			files = (
			);
			runOnlyForDeploymentPostprocessing = 0;
		};
/* End PBXFrameworksBuildPhase section */

/* Begin PBXGroup section */
		0417DFCB2BDA1E5E00C35A39 /* Views */ = {
			isa = PBXGroup;
			children = (
				043AFA422BD2075800524314 /* ContentView.swift */,
				0417DFD62BDA28F100C35A39 /* Helper */,
				0417DFD72BDA28FF00C35A39 /* Landmarks */,
			);
			path = Views;
			sourceTree = "<group>";
		};
		0417DFCC2BDA1EBA00C35A39 /* Model */ = {
			isa = PBXGroup;
			children = (
				0417DFB12BDA1CA900C35A39 /* Landmark.swift */,
				0417DFC92BDA1DB400C35A39 /* ModelData.swift */,
			);
			path = Model;
			sourceTree = "<group>";
		};
		0417DFCD2BDA1EC900C35A39 /* Resources */ = {
			isa = PBXGroup;
			children = (
				0417DFAF2BDA1C9500C35A39 /* landmarkData.json */,
			);
			path = Resources;
			sourceTree = "<group>";
		};
		0417DFD62BDA28F100C35A39 /* Helper */ = {
			isa = PBXGroup;
			children = (
				0417DFD42BDA28BA00C35A39 /* FavoriteButton.swift */,
				048012E52BDA1A20007DC51A /* CircleImage.swift */,
				048012E72BDA1A67007DC51A /* MapView.swift */,
			);
			path = Helper;
			sourceTree = "<group>";
		};
		0417DFD72BDA28FF00C35A39 /* Landmarks */ = {
			isa = PBXGroup;
			children = (
				0417DFD02BDA1FA000C35A39 /* LandmarkList.swift */,
				0417DFCE2BDA1F1700C35A39 /* LandmarkRow.swift */,
				0417DFD22BDA209200C35A39 /* LandmarkDetail.swift */,
			);
			path = Landmarks;
			sourceTree = "<group>";
		};
		043AFA342BD2075700524314 = {
			isa = PBXGroup;
			children = (
				043AFA3F2BD2075800524314 /* 0706012210019_Kimi_AFL3 */,
				043AFA3E2BD2075800524314 /* Products */,
			);
			sourceTree = "<group>";
		};
		043AFA3E2BD2075800524314 /* Products */ = {
			isa = PBXGroup;
			children = (
				043AFA3D2BD2075800524314 /* 0706012210019_Kimi_AFL3.app */,
			);
			name = Products;
			sourceTree = "<group>";
		};
		043AFA3F2BD2075800524314 /* 0706012210019_Kimi_AFL3 */ = {
			isa = PBXGroup;
			children = (
				043AFA402BD2075800524314 /* _706012210019_Kimi_AFL3App.swift */,
				0417DFCD2BDA1EC900C35A39 /* Resources */,
				0417DFCC2BDA1EBA00C35A39 /* Model */,
				0417DFCB2BDA1E5E00C35A39 /* Views */,
				043AFA442BD2075900524314 /* Assets.xcassets */,
				043AFA462BD2075900524314 /* Preview Content */,
			);
			path = 0706012210019_Kimi_AFL3;
			sourceTree = "<group>";
		};
		043AFA462BD2075900524314 /* Preview Content */ = {
			isa = PBXGroup;
			children = (
				043AFA472BD2075900524314 /* Preview Assets.xcassets */,
			);
			path = "Preview Content";
			sourceTree = "<group>";
		};
/* End PBXGroup section */

/* Begin PBXNativeTarget section */
		043AFA3C2BD2075800524314 /* 0706012210019_Kimi_AFL3 */ = {
			isa = PBXNativeTarget;
			buildConfigurationList = 043AFA4B2BD2075900524314 /* Build configuration list for PBXNativeTarget "0706012210019_Kimi_AFL3" */;
			buildPhases = (
				043AFA392BD2075800524314 /* Sources */,
				043AFA3A2BD2075800524314 /* Frameworks */,
				043AFA3B2BD2075800524314 /* Resources */,
			);
			buildRules = (
			);
			dependencies = (
			);
			name = 0706012210019_Kimi_AFL3;
			productName = 0706012210019_Kimi_AFL3;
			productReference = 043AFA3D2BD2075800524314 /* 0706012210019_Kimi_AFL3.app */;
			productType = "com.apple.product-type.application";
		};
/* End PBXNativeTarget section */

/* Begin PBXProject section */
		043AFA352BD2075700524314 /* Project object */ = {
			isa = PBXProject;
			attributes = {
				BuildIndependentTargetsInParallel = 1;
				LastSwiftUpdateCheck = 1530;
				LastUpgradeCheck = 1530;
				TargetAttributes = {
					043AFA3C2BD2075800524314 = {
						CreatedOnToolsVersion = 15.3;
					};
				};
			};
			buildConfigurationList = 043AFA382BD2075800524314 /* Build configuration list for PBXProject "0706012210019_Kimi_AFL3" */;
			compatibilityVersion = "Xcode 14.0";
			developmentRegion = en;
			hasScannedForEncodings = 0;
			knownRegions = (
				en,
				Base,
			);
			mainGroup = 043AFA342BD2075700524314;
			productRefGroup = 043AFA3E2BD2075800524314 /* Products */;
			projectDirPath = "";
			projectRoot = "";
			targets = (
				043AFA3C2BD2075800524314 /* 0706012210019_Kimi_AFL3 */,
			);
		};
/* End PBXProject section */

/* Begin PBXResourcesBuildPhase section */
		043AFA3B2BD2075800524314 /* Resources */ = {
			isa = PBXResourcesBuildPhase;
			buildActionMask = 2147483647;
			files = (
				043AFA482BD2075900524314 /* Preview Assets.xcassets in Resources */,
				043AFA452BD2075900524314 /* Assets.xcassets in Resources */,
				0417DFB02BDA1C9500C35A39 /* landmarkData.json in Resources */,
			);
			runOnlyForDeploymentPostprocessing = 0;
		};
/* End PBXResourcesBuildPhase section */

/* Begin PBXSourcesBuildPhase section */
		043AFA392BD2075800524314 /* Sources */ = {
			isa = PBXSourcesBuildPhase;
			buildActionMask = 2147483647;
			files = (
				043AFA432BD2075800524314 /* ContentView.swift in Sources */,
				048012E82BDA1A67007DC51A /* MapView.swift in Sources */,
				043AFA412BD2075800524314 /* _706012210019_Kimi_AFL3App.swift in Sources */,
				0417DFD52BDA28BA00C35A39 /* FavoriteButton.swift in Sources */,
				0417DFD12BDA1FA000C35A39 /* LandmarkList.swift in Sources */,
				0417DFD32BDA209200C35A39 /* LandmarkDetail.swift in Sources */,
				048012E62BDA1A20007DC51A /* CircleImage.swift in Sources */,
				0417DFB22BDA1CA900C35A39 /* Landmark.swift in Sources */,
				0417DFCF2BDA1F1700C35A39 /* LandmarkRow.swift in Sources */,
				0417DFCA2BDA1DB400C35A39 /* ModelData.swift in Sources */,
			);
			runOnlyForDeploymentPostprocessing = 0;
		};
/* End PBXSourcesBuildPhase section */

/* Begin XCBuildConfiguration section */
		043AFA492BD2075900524314 /* Debug */ = {
			isa = XCBuildConfiguration;
			buildSettings = {
				ALWAYS_SEARCH_USER_PATHS = NO;
				ASSETCATALOG_COMPILER_GENERATE_SWIFT_ASSET_SYMBOL_EXTENSIONS = YES;
				CLANG_ANALYZER_NONNULL = YES;
				CLANG_ANALYZER_NUMBER_OBJECT_CONVERSION = YES_AGGRESSIVE;
				CLANG_CXX_LANGUAGE_STANDARD = "gnu++20";
				CLANG_ENABLE_MODULES = YES;
				CLANG_ENABLE_OBJC_ARC = YES;
				CLANG_ENABLE_OBJC_WEAK = YES;
				CLANG_WARN_BLOCK_CAPTURE_AUTORELEASING = YES;
				CLANG_WARN_BOOL_CONVERSION = YES;
				CLANG_WARN_COMMA = YES;
				CLANG_WARN_CONSTANT_CONVERSION = YES;
				CLANG_WARN_DEPRECATED_OBJC_IMPLEMENTATIONS = YES;
				CLANG_WARN_DIRECT_OBJC_ISA_USAGE = YES_ERROR;
				CLANG_WARN_DOCUMENTATION_COMMENTS = YES;
				CLANG_WARN_EMPTY_BODY = YES;
				CLANG_WARN_ENUM_CONVERSION = YES;
				CLANG_WARN_INFINITE_RECURSION = YES;
				CLANG_WARN_INT_CONVERSION = YES;
				CLANG_WARN_NON_LITERAL_NULL_CONVERSION = YES;
				CLANG_WARN_OBJC_IMPLICIT_RETAIN_SELF = YES;
				CLANG_WARN_OBJC_LITERAL_CONVERSION = YES;
				CLANG_WARN_OBJC_ROOT_CLASS = YES_ERROR;
				CLANG_WARN_QUOTED_INCLUDE_IN_FRAMEWORK_HEADER = YES;
				CLANG_WARN_RANGE_LOOP_ANALYSIS = YES;
				CLANG_WARN_STRICT_PROTOTYPES = YES;
				CLANG_WARN_SUSPICIOUS_MOVE = YES;
				CLANG_WARN_UNGUARDED_AVAILABILITY = YES_AGGRESSIVE;
				CLANG_WARN_UNREACHABLE_CODE = YES;
				CLANG_WARN__DUPLICATE_METHOD_MATCH = YES;
				COPY_PHASE_STRIP = NO;
				DEBUG_INFORMATION_FORMAT = dwarf;
				ENABLE_STRICT_OBJC_MSGSEND = YES;
				ENABLE_TESTABILITY = YES;
				ENABLE_USER_SCRIPT_SANDBOXING = YES;
				GCC_C_LANGUAGE_STANDARD = gnu17;
				GCC_DYNAMIC_NO_PIC = NO;
				GCC_NO_COMMON_BLOCKS = YES;
				GCC_OPTIMIZATION_LEVEL = 0;
				GCC_PREPROCESSOR_DEFINITIONS = (
					"DEBUG=1",
					"$(inherited)",
				);
				GCC_WARN_64_TO_32_BIT_CONVERSION = YES;
				GCC_WARN_ABOUT_RETURN_TYPE = YES_ERROR;
				GCC_WARN_UNDECLARED_SELECTOR = YES;
				GCC_WARN_UNINITIALIZED_AUTOS = YES_AGGRESSIVE;
				GCC_WARN_UNUSED_FUNCTION = YES;
				GCC_WARN_UNUSED_VARIABLE = YES;
				IPHONEOS_DEPLOYMENT_TARGET = 17.4;
				LOCALIZATION_PREFERS_STRING_CATALOGS = YES;
				MTL_ENABLE_DEBUG_INFO = INCLUDE_SOURCE;
				MTL_FAST_MATH = YES;
				ONLY_ACTIVE_ARCH = YES;
				SDKROOT = iphoneos;
				SWIFT_ACTIVE_COMPILATION_CONDITIONS = "DEBUG $(inherited)";
				SWIFT_OPTIMIZATION_LEVEL = "-Onone";
			};
			name = Debug;
		};
		043AFA4A2BD2075900524314 /* Release */ = {
			isa = XCBuildConfiguration;
			buildSettings = {
				ALWAYS_SEARCH_USER_PATHS = NO;
				ASSETCATALOG_COMPILER_GENERATE_SWIFT_ASSET_SYMBOL_EXTENSIONS = YES;
				CLANG_ANALYZER_NONNULL = YES;
				CLANG_ANALYZER_NUMBER_OBJECT_CONVERSION = YES_AGGRESSIVE;
				CLANG_CXX_LANGUAGE_STANDARD = "gnu++20";
				CLANG_ENABLE_MODULES = YES;
				CLANG_ENABLE_OBJC_ARC = YES;
				CLANG_ENABLE_OBJC_WEAK = YES;
				CLANG_WARN_BLOCK_CAPTURE_AUTORELEASING = YES;
				CLANG_WARN_BOOL_CONVERSION = YES;
				CLANG_WARN_COMMA = YES;
				CLANG_WARN_CONSTANT_CONVERSION = YES;
				CLANG_WARN_DEPRECATED_OBJC_IMPLEMENTATIONS = YES;
				CLANG_WARN_DIRECT_OBJC_ISA_USAGE = YES_ERROR;
				CLANG_WARN_DOCUMENTATION_COMMENTS = YES;
				CLANG_WARN_EMPTY_BODY = YES;
				CLANG_WARN_ENUM_CONVERSION = YES;
				CLANG_WARN_INFINITE_RECURSION = YES;
				CLANG_WARN_INT_CONVERSION = YES;
				CLANG_WARN_NON_LITERAL_NULL_CONVERSION = YES;
				CLANG_WARN_OBJC_IMPLICIT_RETAIN_SELF = YES;
				CLANG_WARN_OBJC_LITERAL_CONVERSION = YES;
				CLANG_WARN_OBJC_ROOT_CLASS = YES_ERROR;
				CLANG_WARN_QUOTED_INCLUDE_IN_FRAMEWORK_HEADER = YES;
				CLANG_WARN_RANGE_LOOP_ANALYSIS = YES;
				CLANG_WARN_STRICT_PROTOTYPES = YES;
				CLANG_WARN_SUSPICIOUS_MOVE = YES;
				CLANG_WARN_UNGUARDED_AVAILABILITY = YES_AGGRESSIVE;
				CLANG_WARN_UNREACHABLE_CODE = YES;
				CLANG_WARN__DUPLICATE_METHOD_MATCH = YES;
				COPY_PHASE_STRIP = NO;
				DEBUG_INFORMATION_FORMAT = "dwarf-with-dsym";
				ENABLE_NS_ASSERTIONS = NO;
				ENABLE_STRICT_OBJC_MSGSEND = YES;
				ENABLE_USER_SCRIPT_SANDBOXING = YES;
				GCC_C_LANGUAGE_STANDARD = gnu17;
				GCC_NO_COMMON_BLOCKS = YES;
				GCC_WARN_64_TO_32_BIT_CONVERSION = YES;
				GCC_WARN_ABOUT_RETURN_TYPE = YES_ERROR;
				GCC_WARN_UNDECLARED_SELECTOR = YES;
				GCC_WARN_UNINITIALIZED_AUTOS = YES_AGGRESSIVE;
				GCC_WARN_UNUSED_FUNCTION = YES;
				GCC_WARN_UNUSED_VARIABLE = YES;
				IPHONEOS_DEPLOYMENT_TARGET = 17.4;
				LOCALIZATION_PREFERS_STRING_CATALOGS = YES;
				MTL_ENABLE_DEBUG_INFO = NO;
				MTL_FAST_MATH = YES;
				SDKROOT = iphoneos;
				SWIFT_COMPILATION_MODE = wholemodule;
				VALIDATE_PRODUCT = YES;
			};
			name = Release;
		};
		043AFA4C2BD2075900524314 /* Debug */ = {
			isa = XCBuildConfiguration;
			buildSettings = {
				ASSETCATALOG_COMPILER_APPICON_NAME = AppIcon;
				ASSETCATALOG_COMPILER_GLOBAL_ACCENT_COLOR_NAME = AccentColor;
				CODE_SIGN_STYLE = Automatic;
				CURRENT_PROJECT_VERSION = 1;
				DEVELOPMENT_ASSET_PATHS = "\"0706012210019_Kimi_AFL3/Preview Content\"";
				ENABLE_PREVIEWS = YES;
				GENERATE_INFOPLIST_FILE = YES;
				INFOPLIST_KEY_UIApplicationSceneManifest_Generation = YES;
				INFOPLIST_KEY_UIApplicationSupportsIndirectInputEvents = YES;
				INFOPLIST_KEY_UILaunchScreen_Generation = YES;
				INFOPLIST_KEY_UISupportedInterfaceOrientations_iPad = "UIInterfaceOrientationPortrait UIInterfaceOrientationPortraitUpsideDown UIInterfaceOrientationLandscapeLeft UIInterfaceOrientationLandscapeRight";
				INFOPLIST_KEY_UISupportedInterfaceOrientations_iPhone = "UIInterfaceOrientationPortrait UIInterfaceOrientationLandscapeLeft UIInterfaceOrientationLandscapeRight";
				LD_RUNPATH_SEARCH_PATHS = (
					"$(inherited)",
					"@executable_path/Frameworks",
				);
				MARKETING_VERSION = 1.0;
				PRODUCT_BUNDLE_IDENTIFIER = "mobile-app.-706012210019-Kimi-AFL3";
				PRODUCT_NAME = "$(TARGET_NAME)";
				SWIFT_EMIT_LOC_STRINGS = YES;
				SWIFT_VERSION = 5.0;
				TARGETED_DEVICE_FAMILY = "1,2";
			};
			name = Debug;
		};
		043AFA4D2BD2075900524314 /* Release */ = {
			isa = XCBuildConfiguration;
			buildSettings = {
				ASSETCATALOG_COMPILER_APPICON_NAME = AppIcon;
				ASSETCATALOG_COMPILER_GLOBAL_ACCENT_COLOR_NAME = AccentColor;
				CODE_SIGN_STYLE = Automatic;
				CURRENT_PROJECT_VERSION = 1;
				DEVELOPMENT_ASSET_PATHS = "\"0706012210019_Kimi_AFL3/Preview Content\"";
				ENABLE_PREVIEWS = YES;
				GENERATE_INFOPLIST_FILE = YES;
				INFOPLIST_KEY_UIApplicationSceneManifest_Generation = YES;
				INFOPLIST_KEY_UIApplicationSupportsIndirectInputEvents = YES;
				INFOPLIST_KEY_UILaunchScreen_Generation = YES;
				INFOPLIST_KEY_UISupportedInterfaceOrientations_iPad = "UIInterfaceOrientationPortrait UIInterfaceOrientationPortraitUpsideDown UIInterfaceOrientationLandscapeLeft UIInterfaceOrientationLandscapeRight";
				INFOPLIST_KEY_UISupportedInterfaceOrientations_iPhone = "UIInterfaceOrientationPortrait UIInterfaceOrientationLandscapeLeft UIInterfaceOrientationLandscapeRight";
				LD_RUNPATH_SEARCH_PATHS = (
					"$(inherited)",
					"@executable_path/Frameworks",
				);
				MARKETING_VERSION = 1.0;
				PRODUCT_BUNDLE_IDENTIFIER = "mobile-app.-706012210019-Kimi-AFL3";
				PRODUCT_NAME = "$(TARGET_NAME)";
				SWIFT_EMIT_LOC_STRINGS = YES;
				SWIFT_VERSION = 5.0;
				TARGETED_DEVICE_FAMILY = "1,2";
			};
			name = Release;
		};
/* End XCBuildConfiguration section */

/* Begin XCConfigurationList section */
		043AFA382BD2075800524314 /* Build configuration list for PBXProject "0706012210019_Kimi_AFL3" */ = {
			isa = XCConfigurationList;
			buildConfigurations = (
				043AFA492BD2075900524314 /* Debug */,
				043AFA4A2BD2075900524314 /* Release */,
			);
			defaultConfigurationIsVisible = 0;
			defaultConfigurationName = Release;
		};
		043AFA4B2BD2075900524314 /* Build configuration list for PBXNativeTarget "0706012210019_Kimi_AFL3" */ = {
			isa = XCConfigurationList;
			buildConfigurations = (
				043AFA4C2BD2075900524314 /* Debug */,
				043AFA4D2BD2075900524314 /* Release */,
			);
			defaultConfigurationIsVisible = 0;
			defaultConfigurationName = Release;
		};
/* End XCConfigurationList section */
	};
	rootObject = 043AFA352BD2075700524314 /* Project object */;
}
